
Microsoft Visual Studio Solution File, Format Version 12.00
# Visual Studio Version 17
VisualStudioVersion = 17.3.32929.385
MinimumVisualStudioVersion = 10.0.40219.1
Project("{FAE04EC0-301F-11D3-BF4B-00C04F79EFBC}") = "DBHomework_fruits_vegetables", "DBHomework_fruits_vegetables\DBHomework_fruits_vegetables.csproj", "{C5952158-6EC9-4290-BC69-FF96FB994A76}"
EndProject
Global
	GlobalSection(SolutionConfigurationPlatforms) = preSolution
		Debug|Any CPU = Debug|Any CPU
		Release|Any CPU = Release|Any CPU
	EndGlobalSection
	GlobalSection(ProjectConfigurationPlatforms) = postSolution
		{C5952158-6EC9-4290-BC69-FF96FB994A76}.Debug|Any CPU.ActiveCfg = Debug|Any CPU
		{C5952158-6EC9-4290-BC69-FF96FB994A76}.Debug|Any CPU.Build.0 = Debug|Any CPU
		{C5952158-6EC9-4290-BC69-FF96FB994A76}.Release|Any CPU.ActiveCfg = Release|Any CPU
		{C5952158-6EC9-4290-BC69-FF96FB994A76}.Release|Any CPU.Build.0 = Release|Any CPU
	EndGlobalSection
	GlobalSection(SolutionProperties) = preSolution
		HideSolutionNode = FALSE
	EndGlobalSection
	GlobalSection(ExtensibilityGlobals) = postSolution
		SolutionGuid = {3CA01E76-C024-4CCF-BE51-077C1AE661CC}
	EndGlobalSection
EndGlobal
